{
    "_readme": [
        "This file locks the dependencies of your project to a known state",
        "Read more about it at https://getcomposer.org/doc/01-basic-usage.md#installing-dependencies",
        "This file is @generated automatically"
    ],
    "content-hash": "fac900178b04a846f3667c846c0cb8b1",
    "packages": [
        {
            "name": "akeeba/s3",
            "version": "dev-development",
            "source": {
                "type": "git",
                "url": "https://github.com/akeeba/s3.git",
                "reference": "96208915514b19e7789ea053c6a109b212864001"
            },
            "dist": {
                "type": "zip",
                "url": "https://api.github.com/repos/akeeba/s3/zipball/96208915514b19e7789ea053c6a109b212864001",
                "reference": "96208915514b19e7789ea053c6a109b212864001",
                "shasum": ""
            },
            "require": {
                "ext-curl": "*",
                "php": ">=5.3.4"
            },
            "type": "library",
            "autoload": {
                "psr-4": {
                    "Akeeba\\Engine\\Postproc\\Connector\\S3v4\\": "src"
                }
            },
            "notification-url": "https://packagist.org/downloads/",
            "license": [
                "GPL-3.0+"
            ],
            "authors": [
                {
                    "name": "Nicholas K. Dionysopoulos",
                    "email": "nicholas_NO_SPAM_PLEASE@akeebabackup.com",
                    "homepage": "http://www.dionysopoulos.me",
                    "role": "Lead Developer"
                }
            ],
            "description": "Akeeba Engine connector for Amazon S3",
            "homepage": "https://github.com/akeeba/s3",
            "keywords": [
                "s3"
            ],
            "time": "2020-01-02T07:13:47+00:00"
        }
    ],
    "packages-dev": [],
    "aliases": [],
    "minimum-stability": "stable",
    "stability-flags": {
        "akeeba/s3": 20
    },
    "prefer-stable": false,
    "prefer-lowest": false,
    "platform": {
        "ext-simplexml": "*",
        "ext-dom": "*",
        "ext-json": "*"
    },
    "platform-dev": [],
    "plugin-api-version": "1.1.0"
}
