{
    "_readme": [
        "This file locks the dependencies of your project to a known state",
        "Read more about it at https://getcomposer.org/doc/01-basic-usage.md#installing-dependencies",
        "This file is @generated automatically"
    ],
    "content-hash": "d1bddd48b8944784e5d41d3b1ae8ca90",
    "packages": [
        {
            "name": "akeeba/s3",
            "version": "dev-development",
            "source": {
                "type": "git",
                "url": "https://github.com/akeeba/s3.git",
                "reference": "05ef038c45a8451c46303fbab07d74d4760682cb"
            },
            "dist": {
                "type": "zip",
                "url": "https://api.github.com/repos/akeeba/s3/zipball/05ef038c45a8451c46303fbab07d74d4760682cb",
                "reference": "05ef038c45a8451c46303fbab07d74d4760682cb",
                "shasum": ""
            },
            "require": {
                "ext-curl": "*",
                "ext-simplexml": "*",
                "php": ">=7.1.0 <8.1"
            },
            "default-branch": true,
            "type": "library",
            "autoload": {
                "psr-4": {
                    "Akeeba\\Engine\\Postproc\\Connector\\S3v4\\": "src"
                }
            },
            "notification-url": "https://packagist.org/downloads/",
            "license": [
                "GPL-3.0+"
            ],
            "authors": [
                {
                    "name": "Nicholas K. Dionysopoulos",
                    "email": "nicholas_NO_SPAM_PLEASE@akeeba.com",
                    "homepage": "http://www.dionysopoulos.me",
                    "role": "Lead Developer"
                }
            ],
            "description": "A compact, dependency-less Amazon S3 API client implementing the most commonly used features",
            "homepage": "https://github.com/akeeba/s3",
            "keywords": [
                "s3"
            ],
            "support": {
                "issues": "https://github.com/akeeba/s3/issues",
                "source": "https://github.com/akeeba/s3/tree/development"
            },
            "time": "2021-02-19T10:57:20+00:00"
        }
    ],
    "packages-dev": [],
    "aliases": [],
    "minimum-stability": "stable",
    "stability-flags": {
        "akeeba/s3": 20
    },
    "prefer-stable": false,
    "prefer-lowest": false,
    "platform": {
        "php": ">=7.2.0 <8.1",
        "ext-simplexml": "*",
        "ext-dom": "*",
        "ext-json": "*"
    },
    "platform-dev": [],
    "plugin-api-version": "2.0.0"
}
