{
    "_readme": [
        "This file locks the dependencies of your project to a known state",
        "Read more about it at https://getcomposer.org/doc/01-basic-usage.md#installing-dependencies",
        "This file is @generated automatically"
    ],
    "content-hash": "ba7ce38f7fce7213a399593061135255",
    "packages": [
        {
            "name": "akeeba/s3",
            "version": "2.5.1",
            "source": {
                "type": "git",
                "url": "https://github.com/akeeba/s3.git",
                "reference": "e09b5032e8bc2a2789f95f45a0acc10db70320a2"
            },
            "dist": {
                "type": "zip",
                "url": "https://api.github.com/repos/akeeba/s3/zipball/e09b5032e8bc2a2789f95f45a0acc10db70320a2",
                "reference": "e09b5032e8bc2a2789f95f45a0acc10db70320a2",
                "shasum": ""
            },
            "require": {
                "ext-curl": "*",
                "ext-simplexml": "*",
                "php": "^7.4.0|^8.0"
            },
            "type": "library",
            "autoload": {
                "files": [
                    "src/aliasing.php"
                ],
                "psr-4": {
                    "Akeeba\\S3\\": "src"
                }
            },
            "notification-url": "https://packagist.org/downloads/",
            "license": [
                "GPL-3.0-or-later"
            ],
            "authors": [
                {
                    "name": "Nicholas K. Dionysopoulos",
                    "email": "nicholas_NO_SPAM_PLEASE@akeeba.com",
                    "homepage": "http://www.dionysopoulos.me",
                    "role": "Lead Developer"
                }
            ],
            "description": "A compact, dependency-less Amazon S3 API client implementing the most commonly used features",
            "homepage": "https://github.com/akeeba/s3",
            "keywords": [
                "s3"
            ],
            "support": {
                "issues": "https://github.com/akeeba/s3/issues",
                "source": "https://github.com/akeeba/s3/tree/2.5.1"
            },
            "time": "2026-09-24T09:12:18+00:00"
        }
    ],
    "packages-dev": [],
    "aliases": [],
    "minimum-stability": "stable",
    "stability-flags": {},
    "prefer-stable": false,
    "prefer-lowest": false,
    "platform": {
        "php": ">=8.1.0 <8.7",
        "ext-simplexml": "*",
        "ext-dom": "*",
        "ext-json": "*"
    },
    "platform-dev": {},
    "platform-overrides": {
        "php": "8.1.999"
    },
    "plugin-api-version": "2.9.0"
}
